// !$*UTF8*$!
{
	archiveVersion = 1;
	classes = {
	};
	objectVersion = 50;
	objects = {

/* Begin PBXBuildFile section */
		24E931232508E6FB00E5CD72 /* AppDelegate.swift in Sources */ = {isa = PBXBuildFile; fileRef = 24E931222508E6FB00E5CD72 /* AppDelegate.swift */; };
		24E931252508E6FB00E5CD72 /* SceneDelegate.swift in Sources */ = {isa = PBXBuildFile; fileRef = 24E931242508E6FB00E5CD72 /* SceneDelegate.swift */; };
		24E9312A2508E6FB00E5CD72 /* Main.storyboard in Resources */ = {isa = PBXBuildFile; fileRef = 24E931282508E6FB00E5CD72 /* Main.storyboard */; };
		24E9312C2508E6FF00E5CD72 /* Assets.xcassets in Resources */ = {isa = PBXBuildFile; fileRef = 24E9312B2508E6FF00E5CD72 /* Assets.xcassets */; };
		24E9312F2508E6FF00E5CD72 /* LaunchScreen.storyboard in Resources */ = {isa = PBXBuildFile; fileRef = 24E9312D2508E6FF00E5CD72 /* LaunchScreen.storyboard */; };
		24E931372508E75100E5CD72 /* LIstTableViewController.swift in Sources */ = {isa = PBXBuildFile; fileRef = 24E931362508E75100E5CD72 /* LIstTableViewController.swift */; };
/* End PBXBuildFile section */

/* Begin PBXFileReference section */
		24E9311F2508E6FB00E5CD72 /* simpleToDoList.app */ = {isa = PBXFileReference; explicitFileType = wrapper.application; includeInIndex = 0; path = simpleToDoList.app; sourceTree = BUILT_PRODUCTS_DIR; };
		24E931222508E6FB00E5CD72 /* AppDelegate.swift */ = {isa = PBXFileReference; lastKnownFileType = sourcecode.swift; path = AppDelegate.swift; sourceTree = "<group>"; };
		24E931242508E6FB00E5CD72 /* SceneDelegate.swift */ = {isa = PBXFileReference; lastKnownFileType = sourcecode.swift; path = SceneDelegate.swift; sourceTree = "<group>"; };
		24E931292508E6FB00E5CD72 /* Base */ = {isa = PBXFileReference; lastKnownFileType = file.storyboard; name = Base; path = Base.lproj/Main.storyboard; sourceTree = "<group>"; };
		24E9312B2508E6FF00E5CD72 /* Assets.xcassets */ = {isa = PBXFileReference; lastKnownFileType = folder.assetcatalog; path = Assets.xcassets; sourceTree = "<group>"; };
		24E9312E2508E6FF00E5CD72 /* Base */ = {isa = PBXFileReference; lastKnownFileType = file.storyboard; name = Base; path = Base.lproj/LaunchScreen.storyboard; sourceTree = "<group>"; };
		24E931302508E6FF00E5CD72 /* Info.plist */ = {isa = PBXFileReference; lastKnownFileType = text.plist.xml; path = Info.plist; sourceTree = "<group>"; };
		24E931362508E75100E5CD72 /* LIstTableViewController.swift */ = {isa = PBXFileReference; lastKnownFileType = sourcecode.swift; path = LIstTableViewController.swift; sourceTree = "<group>"; };
/* End PBXFileReference section */

/* Begin PBXFrameworksBuildPhase section */
		24E9311C2508E6FB00E5CD72 /* Frameworks */ = {
			isa = PBXFrameworksBuildPhase;
			buildActionMask = 2147483647;
			files = (
			);
			runOnlyForDeploymentPostprocessing = 0;
		};
/* End PBXFrameworksBuildPhase section */

/* Begin PBXGroup section */
		24E931162508E6FB00E5CD72 = {
			isa = PBXGroup;
			children = (
				24E931212508E6FB00E5CD72 /* simpleToDoList */,
				24E931202508E6FB00E5CD72 /* Products */,
			);
			sourceTree = "<group>";
		};
		24E931202508E6FB00E5CD72 /* Products */ = {
			isa = PBXGroup;
			children = (
				24E9311F2508E6FB00E5CD72 /* simpleToDoList.app */,
			);
			name = Products;
			sourceTree = "<group>";
		};
		24E931212508E6FB00E5CD72 /* simpleToDoList */ = {
			isa = PBXGroup;
			children = (
				24E931222508E6FB00E5CD72 /* AppDelegate.swift */,
				24E931242508E6FB00E5CD72 /* SceneDelegate.swift */,
				24E931362508E75100E5CD72 /* LIstTableViewController.swift */,
				24E931282508E6FB00E5CD72 /* Main.storyboard */,
				24E9312B2508E6FF00E5CD72 /* Assets.xcassets */,
				24E9312D2508E6FF00E5CD72 /* LaunchScreen.storyboard */,
				24E931302508E6FF00E5CD72 /* Info.plist */,
			);
			path = simpleToDoList;
			sourceTree = "<group>";
		};
/* End PBXGroup section */

/* Begin PBXNativeTarget section */
		24E9311E2508E6FB00E5CD72 /* simpleToDoList */ = {
			isa = PBXNativeTarget;
			buildConfigurationList = 24E931332508E6FF00E5CD72 /* Build configuration list for PBXNativeTarget "simpleToDoList" */;
			buildPhases = (
				24E9311B2508E6FB00E5CD72 /* Sources */,
				24E9311C2508E6FB00E5CD72 /* Frameworks */,
				24E9311D2508E6FB00E5CD72 /* Resources */,
			);
			buildRules = (
			);
			dependencies = (
			);
			name = simpleToDoList;
			productName = simpleToDoList;
			productReference = 24E9311F2508E6FB00E5CD72 /* simpleToDoList.app */;
			productType = "com.apple.product-type.application";
		};
/* End PBXNativeTarget section */

/* Begin PBXProject section */
		24E931172508E6FB00E5CD72 /* Project object */ = {
			isa = PBXProject;
			attributes = {
				LastSwiftUpdateCheck = 1160;
				LastUpgradeCheck = 1160;
				ORGANIZATIONNAME = Steven;
				TargetAttributes = {
					24E9311E2508E6FB00E5CD72 = {
						CreatedOnToolsVersion = 11.6;
					};
				};
			};
			buildConfigurationList = 24E9311A2508E6FB00E5CD72 /* Build configuration list for PBXProject "simpleToDoList" */;
			compatibilityVersion = "Xcode 9.3";
			developmentRegion = en;
			hasScannedForEncodings = 0;
			knownRegions = (
				en,
				Base,
			);
			mainGroup = 24E931162508E6FB00E5CD72;
			productRefGroup = 24E931202508E6FB00E5CD72 /* Products */;
			projectDirPath = "";
			projectRoot = "";
			targets = (
				24E9311E2508E6FB00E5CD72 /* simpleToDoList */,
			);
		};
/* End PBXProject section */

/* Begin PBXResourcesBuildPhase section */
		24E9311D2508E6FB00E5CD72 /* Resources */ = {
			isa = PBXResourcesBuildPhase;
			buildActionMask = 2147483647;
			files = (
				24E9312F2508E6FF00E5CD72 /* LaunchScreen.storyboard in Resources */,
				24E9312C2508E6FF00E5CD72 /* Assets.xcassets in Resources */,
				24E9312A2508E6FB00E5CD72 /* Main.storyboard in Resources */,
			);
			runOnlyForDeploymentPostprocessing = 0;
		};
/* End PBXResourcesBuildPhase section */

/* Begin PBXSourcesBuildPhase section */
		24E9311B2508E6FB00E5CD72 /* Sources */ = {
			isa = PBXSourcesBuildPhase;
			buildActionMask = 2147483647;
			files = (
				24E931232508E6FB00E5CD72 /* AppDelegate.swift in Sources */,
				24E931252508E6FB00E5CD72 /* SceneDelegate.swift in Sources */,
				24E931372508E75100E5CD72 /* LIstTableViewController.swift in Sources */,
			);
			runOnlyForDeploymentPostprocessing = 0;
		};
/* End PBXSourcesBuildPhase section */

/* Begin PBXVariantGroup section */
		24E931282508E6FB00E5CD72 /* Main.storyboard */ = {
			isa = PBXVariantGroup;
			children = (
				24E931292508E6FB00E5CD72 /* Base */,
			);
			name = Main.storyboard;
			sourceTree = "<group>";
		};
		24E9312D2508E6FF00E5CD72 /* LaunchScreen.storyboard */ = {
			isa = PBXVariantGroup;
			children = (
				24E9312E2508E6FF00E5CD72 /* Base */,
			);
			name = LaunchScreen.storyboard;
			sourceTree = "<group>";
		};
/* End PBXVariantGroup section */

/* Begin XCBuildConfiguration section */
		24E931312508E6FF00E5CD72 /* Debug */ = {
			isa = XCBuildConfiguration;
			buildSettings = {
				ALWAYS_SEARCH_USER_PATHS = NO;
				CLANG_ANALYZER_NONNULL = YES;
				CLANG_ANALYZER_NUMBER_OBJECT_CONVERSION = YES_AGGRESSIVE;
				CLANG_CXX_LANGUAGE_STANDARD = "gnu++14";
				CLANG_CXX_LIBRARY = "libc++";
				CLANG_ENABLE_MODULES = YES;
				CLANG_ENABLE_OBJC_ARC = YES;
				CLANG_ENABLE_OBJC_WEAK = YES;
				CLANG_WARN_BLOCK_CAPTURE_AUTORELEASING = YES;
				CLANG_WARN_BOOL_CONVERSION = YES;
				CLANG_WARN_COMMA = YES;
				CLANG_WARN_CONSTANT_CONVERSION = YES;
				CLANG_WARN_DEPRECATED_OBJC_IMPLEMENTATIONS = YES;
				CLANG_WARN_DIRECT_OBJC_ISA_USAGE = YES_ERROR;
				CLANG_WARN_DOCUMENTATION_COMMENTS = YES;
				CLANG_WARN_EMPTY_BODY = YES;
				CLANG_WARN_ENUM_CONVERSION = YES;
				CLANG_WARN_INFINITE_RECURSION = YES;
				CLANG_WARN_INT_CONVERSION = YES;
				CLANG_WARN_NON_LITERAL_NULL_CONVERSION = YES;
				CLANG_WARN_OBJC_IMPLICIT_RETAIN_SELF = YES;
				CLANG_WARN_OBJC_LITERAL_CONVERSION = YES;
				CLANG_WARN_OBJC_ROOT_CLASS = YES_ERROR;
				CLANG_WARN_RANGE_LOOP_ANALYSIS = YES;
				CLANG_WARN_STRICT_PROTOTYPES = YES;
				CLANG_WARN_SUSPICIOUS_MOVE = YES;
				CLANG_WARN_UNGUARDED_AVAILABILITY = YES_AGGRESSIVE;
				CLANG_WARN_UNREACHABLE_CODE = YES;
				CLANG_WARN__DUPLICATE_METHOD_MATCH = YES;
				COPY_PHASE_STRIP = NO;
				DEBUG_INFORMATION_FORMAT = dwarf;
				ENABLE_STRICT_OBJC_MSGSEND = YES;
				ENABLE_TESTABILITY = YES;
				GCC_C_LANGUAGE_STANDARD = gnu11;
				GCC_DYNAMIC_NO_PIC = NO;
				GCC_NO_COMMON_BLOCKS = YES;
				GCC_OPTIMIZATION_LEVEL = 0;
				GCC_PREPROCESSOR_DEFINITIONS = (
					"DEBUG=1",
					"$(inherited)",
				);
				GCC_WARN_64_TO_32_BIT_CONVERSION = YES;
				GCC_WARN_ABOUT_RETURN_TYPE = YES_ERROR;
				GCC_WARN_UNDECLARED_SELECTOR = YES;
				GCC_WARN_UNINITIALIZED_AUTOS = YES_AGGRESSIVE;
				GCC_WARN_UNUSED_FUNCTION = YES;
				GCC_WARN_UNUSED_VARIABLE = YES;
				IPHONEOS_DEPLOYMENT_TARGET = 13.6;
				MTL_ENABLE_DEBUG_INFO = INCLUDE_SOURCE;
				MTL_FAST_MATH = YES;
				ONLY_ACTIVE_ARCH = YES;
				SDKROOT = iphoneos;
				SWIFT_ACTIVE_COMPILATION_CONDITIONS = DEBUG;
				SWIFT_OPTIMIZATION_LEVEL = "-Onone";
			};
			name = Debug;
		};
		24E931322508E6FF00E5CD72 /* Release */ = {
			isa = XCBuildConfiguration;
			buildSettings = {
				ALWAYS_SEARCH_USER_PATHS = NO;
				CLANG_ANALYZER_NONNULL = YES;
				CLANG_ANALYZER_NUMBER_OBJECT_CONVERSION = YES_AGGRESSIVE;
				CLANG_CXX_LANGUAGE_STANDARD = "gnu++14";
				CLANG_CXX_LIBRARY = "libc++";
				CLANG_ENABLE_MODULES = YES;
				CLANG_ENABLE_OBJC_ARC = YES;
				CLANG_ENABLE_OBJC_WEAK = YES;
				CLANG_WARN_BLOCK_CAPTURE_AUTORELEASING = YES;
				CLANG_WARN_BOOL_CONVERSION = YES;
				CLANG_WARN_COMMA = YES;
				CLANG_WARN_CONSTANT_CONVERSION = YES;
				CLANG_WARN_DEPRECATED_OBJC_IMPLEMENTATIONS = YES;
				CLANG_WARN_DIRECT_OBJC_ISA_USAGE = YES_ERROR;
				CLANG_WARN_DOCUMENTATION_COMMENTS = YES;
				CLANG_WARN_EMPTY_BODY = YES;
				CLANG_WARN_ENUM_CONVERSION = YES;
				CLANG_WARN_INFINITE_RECURSION = YES;
				CLANG_WARN_INT_CONVERSION = YES;
				CLANG_WARN_NON_LITERAL_NULL_CONVERSION = YES;
				CLANG_WARN_OBJC_IMPLICIT_RETAIN_SELF = YES;
				CLANG_WARN_OBJC_LITERAL_CONVERSION = YES;
				CLANG_WARN_OBJC_ROOT_CLASS = YES_ERROR;
				CLANG_WARN_RANGE_LOOP_ANALYSIS = YES;
				CLANG_WARN_STRICT_PROTOTYPES = YES;
				CLANG_WARN_SUSPICIOUS_MOVE = YES;
				CLANG_WARN_UNGUARDED_AVAILABILITY = YES_AGGRESSIVE;
				CLANG_WARN_UNREACHABLE_CODE = YES;
				CLANG_WARN__DUPLICATE_METHOD_MATCH = YES;
				COPY_PHASE_STRIP = NO;
				DEBUG_INFORMATION_FORMAT = "dwarf-with-dsym";
				ENABLE_NS_ASSERTIONS = NO;
				ENABLE_STRICT_OBJC_MSGSEND = YES;
				GCC_C_LANGUAGE_STANDARD = gnu11;
				GCC_NO_COMMON_BLOCKS = YES;
				GCC_WARN_64_TO_32_BIT_CONVERSION = YES;
				GCC_WARN_ABOUT_RETURN_TYPE = YES_ERROR;
				GCC_WARN_UNDECLARED_SELECTOR = YES;
				GCC_WARN_UNINITIALIZED_AUTOS = YES_AGGRESSIVE;
				GCC_WARN_UNUSED_FUNCTION = YES;
				GCC_WARN_UNUSED_VARIABLE = YES;
				IPHONEOS_DEPLOYMENT_TARGET = 13.6;
				MTL_ENABLE_DEBUG_INFO = NO;
				MTL_FAST_MATH = YES;
				SDKROOT = iphoneos;
				SWIFT_COMPILATION_MODE = wholemodule;
				SWIFT_OPTIMIZATION_LEVEL = "-O";
				VALIDATE_PRODUCT = YES;
			};
			name = Release;
		};
		24E931342508E6FF00E5CD72 /* Debug */ = {
			isa = XCBuildConfiguration;
			buildSettings = {
				ASSETCATALOG_COMPILER_APPICON_NAME = AppIcon;
				CODE_SIGN_STYLE = Automatic;
				INFOPLIST_FILE = simpleToDoList/Info.plist;
				LD_RUNPATH_SEARCH_PATHS = (
					"$(inherited)",
					"@executable_path/Frameworks",
				);
				PRODUCT_BUNDLE_IDENTIFIER = "Steven-QI.simpleToDoList";
				PRODUCT_NAME = "$(TARGET_NAME)";
				SWIFT_VERSION = 5.0;
				TARGETED_DEVICE_FAMILY = "1,2";
			};
			name = Debug;
		};
		24E931352508E6FF00E5CD72 /* Release */ = {
			isa = XCBuildConfiguration;
			buildSettings = {
				ASSETCATALOG_COMPILER_APPICON_NAME = AppIcon;
				CODE_SIGN_STYLE = Automatic;
				INFOPLIST_FILE = simpleToDoList/Info.plist;
				LD_RUNPATH_SEARCH_PATHS = (
					"$(inherited)",
					"@executable_path/Frameworks",
				);
				PRODUCT_BUNDLE_IDENTIFIER = "Steven-QI.simpleToDoList";
				PRODUCT_NAME = "$(TARGET_NAME)";
				SWIFT_VERSION = 5.0;
				TARGETED_DEVICE_FAMILY = "1,2";
			};
			name = Release;
		};
/* End XCBuildConfiguration section */

/* Begin XCConfigurationList section */
		24E9311A2508E6FB00E5CD72 /* Build configuration list for PBXProject "simpleToDoList" */ = {
			isa = XCConfigurationList;
			buildConfigurations = (
				24E931312508E6FF00E5CD72 /* Debug */,
				24E931322508E6FF00E5CD72 /* Release */,
			);
			defaultConfigurationIsVisible = 0;
			defaultConfigurationName = Release;
		};
		24E931332508E6FF00E5CD72 /* Build configuration list for PBXNativeTarget "simpleToDoList" */ = {
			isa = XCConfigurationList;
			buildConfigurations = (
				24E931342508E6FF00E5CD72 /* Debug */,
				24E931352508E6FF00E5CD72 /* Release */,
			);
			defaultConfigurationIsVisible = 0;
			defaultConfigurationName = Release;
		};
/* End XCConfigurationList section */
	};
	rootObject = 24E931172508E6FB00E5CD72 /* Project object */;
}
